
Microsoft Visual Studio Solution File, Format Version 12.00
# Visual Studio Version 16
VisualStudioVersion = 16.0.31105.61
MinimumVisualStudioVersion = 10.0.40219.1
Project("{9A19103F-16F7-4668-BE54-9A1E7A4F7556}") = "SotnApi", "SotnApi\SotnApi.csproj", "{9E3EDD61-C6CB-46E1-BA6C-B5BB10624E7F}"
EndProject
Project("{2150E333-8FDC-42A3-9474-1A3956D46DE8}") = "SotnApi.UnitTests", "SotnApi.UnitTests", "{AC339116-13E6-4E2F-8FC7-85048EF07729}"
EndProject
Project("{FAE04EC0-301F-11D3-BF4B-00C04F79EFBC}") = "ActorApiTests", "ActorApiTests\ActorApiTests.csproj", "{428E0596-9314-44E0-856E-E83A2FC7B06C}"
EndProject
Project("{FAE04EC0-301F-11D3-BF4B-00C04F79EFBC}") = "AlucardApiTests", "AlucardApiTests\AlucardApiTests.csproj", "{858B31EA-6370-414D-8450-1467539E5D3A}"
EndProject
Project("{FAE04EC0-301F-11D3-BF4B-00C04F79EFBC}") = "GameApiTests", "GameApiTests\GameApiTests.csproj", "{4DBE5C12-C6F1-453A-8395-9EE7A81425DC}"
EndProject
Project("{FAE04EC0-301F-11D3-BF4B-00C04F79EFBC}") = "RenderingApiTests", "RenderingApiTests\RenderingApiTests.csproj", "{4943AD9C-4428-4F56-9387-D5C9C434654E}"
EndProject
Global
	GlobalSection(SolutionConfigurationPlatforms) = preSolution
		Debug|Any CPU = Debug|Any CPU
		Release|Any CPU = Release|Any CPU
	EndGlobalSection
	GlobalSection(ProjectConfigurationPlatforms) = postSolution
		{9E3EDD61-C6CB-46E1-BA6C-B5BB10624E7F}.Debug|Any CPU.ActiveCfg = Debug|Any CPU
		{9E3EDD61-C6CB-46E1-BA6C-B5BB10624E7F}.Debug|Any CPU.Build.0 = Debug|Any CPU
		{9E3EDD61-C6CB-46E1-BA6C-B5BB10624E7F}.Release|Any CPU.ActiveCfg = Release|Any CPU
		{9E3EDD61-C6CB-46E1-BA6C-B5BB10624E7F}.Release|Any CPU.Build.0 = Release|Any CPU
		{428E0596-9314-44E0-856E-E83A2FC7B06C}.Debug|Any CPU.ActiveCfg = Debug|Any CPU
		{428E0596-9314-44E0-856E-E83A2FC7B06C}.Debug|Any CPU.Build.0 = Debug|Any CPU
		{428E0596-9314-44E0-856E-E83A2FC7B06C}.Release|Any CPU.ActiveCfg = Release|Any CPU
		{428E0596-9314-44E0-856E-E83A2FC7B06C}.Release|Any CPU.Build.0 = Release|Any CPU
		{858B31EA-6370-414D-8450-1467539E5D3A}.Debug|Any CPU.ActiveCfg = Debug|Any CPU
		{858B31EA-6370-414D-8450-1467539E5D3A}.Debug|Any CPU.Build.0 = Debug|Any CPU
		{858B31EA-6370-414D-8450-1467539E5D3A}.Release|Any CPU.ActiveCfg = Release|Any CPU
		{858B31EA-6370-414D-8450-1467539E5D3A}.Release|Any CPU.Build.0 = Release|Any CPU
		{4DBE5C12-C6F1-453A-8395-9EE7A81425DC}.Debug|Any CPU.ActiveCfg = Debug|Any CPU
		{4DBE5C12-C6F1-453A-8395-9EE7A81425DC}.Debug|Any CPU.Build.0 = Debug|Any CPU
		{4DBE5C12-C6F1-453A-8395-9EE7A81425DC}.Release|Any CPU.ActiveCfg = Release|Any CPU
		{4DBE5C12-C6F1-453A-8395-9EE7A81425DC}.Release|Any CPU.Build.0 = Release|Any CPU
		{4943AD9C-4428-4F56-9387-D5C9C434654E}.Debug|Any CPU.ActiveCfg = Debug|Any CPU
		{4943AD9C-4428-4F56-9387-D5C9C434654E}.Debug|Any CPU.Build.0 = Debug|Any CPU
		{4943AD9C-4428-4F56-9387-D5C9C434654E}.Release|Any CPU.ActiveCfg = Release|Any CPU
		{4943AD9C-4428-4F56-9387-D5C9C434654E}.Release|Any CPU.Build.0 = Release|Any CPU
	EndGlobalSection
	GlobalSection(SolutionProperties) = preSolution
		HideSolutionNode = FALSE
	EndGlobalSection
	GlobalSection(NestedProjects) = preSolution
		{428E0596-9314-44E0-856E-E83A2FC7B06C} = {AC339116-13E6-4E2F-8FC7-85048EF07729}
		{858B31EA-6370-414D-8450-1467539E5D3A} = {AC339116-13E6-4E2F-8FC7-85048EF07729}
		{4DBE5C12-C6F1-453A-8395-9EE7A81425DC} = {AC339116-13E6-4E2F-8FC7-85048EF07729}
		{4943AD9C-4428-4F56-9387-D5C9C434654E} = {AC339116-13E6-4E2F-8FC7-85048EF07729}
	EndGlobalSection
	GlobalSection(ExtensibilityGlobals) = postSolution
		SolutionGuid = {6BB71D49-330B-4D21-A298-F08B9C3204BE}
	EndGlobalSection
EndGlobal
